
Microsoft Visual Studio Solution File, Format Version 11.00
# Visual Studio 2010
Project("{FAE04EC0-301F-11D3-BF4B-00C04F79EFBC}") = "UnityEngine.UI", "UnityEngine.UI.csproj", "{B220812B-9F36-B090-CEA1-BBA27BEB3963}"
EndProject
Project("{FAE04EC0-301F-11D3-BF4B-00C04F79EFBC}") = "Unity.RenderPipelines.Core.Runtime", "Unity.RenderPipelines.Core.Runtime.csproj", "{FC2BD960-DFDA-1AEA-C37A-2FB3E70E873A}"
EndProject
Project("{FAE04EC0-301F-11D3-BF4B-00C04F79EFBC}") = "UnityEngine.TestRunner", "UnityEngine.TestRunner.csproj", "{CABFF57E-2531-63D7-EA59-FCD3B21B91CB}"
EndProject
Project("{FAE04EC0-301F-11D3-BF4B-00C04F79EFBC}") = "Unity.Mathematics", "Unity.Mathematics.csproj", "{1E4C0B2A-7147-7D8B-74DB-D77243411067}"
EndProject
Project("{FAE04EC0-301F-11D3-BF4B-00C04F79EFBC}") = "AstarPathfindingProject", "AstarPathfindingProject.csproj", "{54D83F22-D502-52D9-0505-CEE6FB43CC10}"
EndProject
Project("{FAE04EC0-301F-11D3-BF4B-00C04F79EFBC}") = "Assembly-CSharp", "Assembly-CSharp.csproj", "{A2859A56-AB4A-51F9-60BB-1B6FC96E8C70}"
EndProject
Project("{FAE04EC0-301F-11D3-BF4B-00C04F79EFBC}") = "Unity.Timeline", "Unity.Timeline.csproj", "{FB83139C-7E3D-1686-D37A-FD6B0F8852C0}"
EndProject
Project("{FAE04EC0-301F-11D3-BF4B-00C04F79EFBC}") = "Assembly-CSharp-firstpass", "Assembly-CSharp-firstpass.csproj", "{3A1B43A0-276E-34FB-197E-1ACDE9001A0F}"
EndProject
Project("{FAE04EC0-301F-11D3-BF4B-00C04F79EFBC}") = "Unity.RenderPipelines.Universal.Runtime", "Unity.RenderPipelines.Universal.Runtime.csproj", "{937E0ECA-6A9C-46C7-F2FF-0F16CC228C0C}"
EndProject
Project("{FAE04EC0-301F-11D3-BF4B-00C04F79EFBC}") = "Cinemachine", "Cinemachine.csproj", "{00A03055-2BB4-3D5B-0A18-1EB204591FFD}"
EndProject
Project("{FAE04EC0-301F-11D3-BF4B-00C04F79EFBC}") = "Unity.TextMeshPro", "Unity.TextMeshPro.csproj", "{95015D58-2B7C-60C5-4A76-F418F8CA6686}"
EndProject
Project("{FAE04EC0-301F-11D3-BF4B-00C04F79EFBC}") = "Sirenix.OdinInspector.CompatibilityLayer", "Sirenix.OdinInspector.CompatibilityLayer.csproj", "{FA581D9A-3AF3-3CE6-BF29-3A360B24DAD4}"
EndProject
Project("{FAE04EC0-301F-11D3-BF4B-00C04F79EFBC}") = "Unity.RenderPipelines.Core.ShaderLibrary", "Unity.RenderPipelines.Core.ShaderLibrary.csproj", "{CE0D7E59-F37A-474D-FCD2-B0D83AF1BDEB}"
EndProject
Project("{FAE04EC0-301F-11D3-BF4B-00C04F79EFBC}") = "Unity.RenderPipelines.Universal.Shaders", "Unity.RenderPipelines.Universal.Shaders.csproj", "{24A3728F-9EC4-6FC4-F6AF-9F7B197997CA}"
EndProject
Project("{FAE04EC0-301F-11D3-BF4B-00C04F79EFBC}") = "Unity.RenderPipelines.ShaderGraph.ShaderGraphLibrary", "Unity.RenderPipelines.ShaderGraph.ShaderGraphLibrary.csproj", "{C266E049-CB10-1C8D-C2F8-8AA763A307A5}"
EndProject
Project("{FAE04EC0-301F-11D3-BF4B-00C04F79EFBC}") = "Unity.RenderPipeline.Universal.ShaderLibrary", "Unity.RenderPipeline.Universal.ShaderLibrary.csproj", "{6DF604D4-361A-B9F2-EB1F-784F47182D41}"
EndProject
Project("{FAE04EC0-301F-11D3-BF4B-00C04F79EFBC}") = "UnityEditor.TestRunner", "UnityEditor.TestRunner.csproj", "{0F2BEBDE-4AFD-FC1C-CFD8-F126D9104B82}"
EndProject
Project("{FAE04EC0-301F-11D3-BF4B-00C04F79EFBC}") = "Unity.ShaderGraph.Editor", "Unity.ShaderGraph.Editor.csproj", "{CF0818DB-7E7B-4531-8C76-A1BE47EB7532}"
EndProject
Project("{FAE04EC0-301F-11D3-BF4B-00C04F79EFBC}") = "UnityEditor.UI", "UnityEditor.UI.csproj", "{515CDF27-3208-4207-F448-C95D51CBBE66}"
EndProject
Project("{FAE04EC0-301F-11D3-BF4B-00C04F79EFBC}") = "Unity.VisualStudio.Editor", "Unity.VisualStudio.Editor.csproj", "{00AA70A8-E726-A16B-80A7-A98269DEF8D7}"
EndProject
Project("{FAE04EC0-301F-11D3-BF4B-00C04F79EFBC}") = "Unity.Timeline.Editor", "Unity.Timeline.Editor.csproj", "{55FC4C97-EC6D-9269-2367-180FBA3B92EF}"
EndProject
Project("{FAE04EC0-301F-11D3-BF4B-00C04F79EFBC}") = "com.unity.cinemachine.editor", "com.unity.cinemachine.editor.csproj", "{C94BB7DF-CD50-A699-6B81-95C955CFC346}"
EndProject
Project("{FAE04EC0-301F-11D3-BF4B-00C04F79EFBC}") = "Unity.TextMeshPro.Editor", "Unity.TextMeshPro.Editor.csproj", "{92467459-D8FB-9384-151D-B87157382913}"
EndProject
Project("{FAE04EC0-301F-11D3-BF4B-00C04F79EFBC}") = "Unity.RenderPipelines.Core.Editor", "Unity.RenderPipelines.Core.Editor.csproj", "{17C9F505-8008-1F5C-F19D-9EDF44B0F8B8}"
EndProject
Project("{FAE04EC0-301F-11D3-BF4B-00C04F79EFBC}") = "Unity.CollabProxy.Editor", "Unity.CollabProxy.Editor.csproj", "{F9C2DB4C-AA0C-8A7C-061F-E932BD963E87}"
EndProject
Project("{FAE04EC0-301F-11D3-BF4B-00C04F79EFBC}") = "Unity.ShaderGraph.Utilities", "Unity.ShaderGraph.Utilities.csproj", "{57E68080-DAA5-D05E-3ED3-F2258C314250}"
EndProject
Project("{FAE04EC0-301F-11D3-BF4B-00C04F79EFBC}") = "Unity.RenderPipelines.Universal.Editor", "Unity.RenderPipelines.Universal.Editor.csproj", "{21F18CB6-20D6-CED1-0542-3AA20B219CEC}"
EndProject
Project("{FAE04EC0-301F-11D3-BF4B-00C04F79EFBC}") = "Unity.Rider.Editor", "Unity.Rider.Editor.csproj", "{9EDFD18D-62B5-6089-961C-82D26D34AA5E}"
EndProject
Project("{FAE04EC0-301F-11D3-BF4B-00C04F79EFBC}") = "Unity.Searcher.Editor", "Unity.Searcher.Editor.csproj", "{2CC0427D-856D-038A-4BD8-BB82C10A7EAA}"
EndProject
Project("{FAE04EC0-301F-11D3-BF4B-00C04F79EFBC}") = "Sirenix.OdinInspector.CompatibilityLayer.Editor", "Sirenix.OdinInspector.CompatibilityLayer.Editor.csproj", "{DB94E2C4-C91D-4428-D0CE-E73ADEC02DBB}"
EndProject
Project("{FAE04EC0-301F-11D3-BF4B-00C04F79EFBC}") = "PackageToolsEditor", "PackageToolsEditor.csproj", "{33E86A36-24A1-2E58-6D76-1D757C161397}"
EndProject
Project("{FAE04EC0-301F-11D3-BF4B-00C04F79EFBC}") = "Assembly-CSharp-Editor-firstpass", "Assembly-CSharp-Editor-firstpass.csproj", "{6719E071-572B-6877-B821-8A6B33EC3A6C}"
EndProject
Project("{FAE04EC0-301F-11D3-BF4B-00C04F79EFBC}") = "Unity.VSCode.Editor", "Unity.VSCode.Editor.csproj", "{4DB822C3-D269-56D1-42DF-C250667486FF}"
EndProject
Project("{FAE04EC0-301F-11D3-BF4B-00C04F79EFBC}") = "AstarPathfindingProjectEditor", "AstarPathfindingProjectEditor.csproj", "{2CE6ABE2-FA50-2662-DC48-21857B01B916}"
EndProject
Project("{FAE04EC0-301F-11D3-BF4B-00C04F79EFBC}") = "Unity.Mathematics.Editor", "Unity.Mathematics.Editor.csproj", "{A737B58D-C244-1FCB-7884-DF080DBEE2B2}"
EndProject
Project("{FAE04EC0-301F-11D3-BF4B-00C04F79EFBC}") = "Assembly-CSharp-Editor", "Assembly-CSharp-Editor.csproj", "{2FC59FCE-BCB1-13D3-FB79-5DD1AF79A2AF}"
EndProject
Project("{FAE04EC0-301F-11D3-BF4B-00C04F79EFBC}") = "UnityEngine.UI.Player", "UnityEngine.UI.Player.csproj", "{0A80E35F-8576-3E11-1BBA-A443CA707FA2}"
EndProject
Project("{FAE04EC0-301F-11D3-BF4B-00C04F79EFBC}") = "Unity.RenderPipelines.Core.Runtime.Player", "Unity.RenderPipelines.Core.Runtime.Player.csproj", "{6565DDBD-D86C-3B1D-5A43-8EA97D222F55}"
EndProject
Project("{FAE04EC0-301F-11D3-BF4B-00C04F79EFBC}") = "UnityEngine.TestRunner.Player", "UnityEngine.TestRunner.Player.csproj", "{7EC4397B-11BD-F02A-5378-6D6FDC3E9848}"
EndProject
Project("{FAE04EC0-301F-11D3-BF4B-00C04F79EFBC}") = "Unity.Mathematics.Player", "Unity.Mathematics.Player.csproj", "{3CAE6149-7F5F-7615-0A30-7B25786D147F}"
EndProject
Project("{FAE04EC0-301F-11D3-BF4B-00C04F79EFBC}") = "AstarPathfindingProject.Player", "AstarPathfindingProject.Player.csproj", "{5471FD39-5DBD-8E1B-41E4-F60B25ADAFD8}"
EndProject
Project("{FAE04EC0-301F-11D3-BF4B-00C04F79EFBC}") = "Assembly-CSharp.Player", "Assembly-CSharp.Player.csproj", "{45B97FA3-D86C-3515-245D-87C4EED08587}"
EndProject
Project("{FAE04EC0-301F-11D3-BF4B-00C04F79EFBC}") = "Unity.Timeline.Player", "Unity.Timeline.Player.csproj", "{660232EF-61FC-5609-8657-A8661F4C0202}"
EndProject
Project("{FAE04EC0-301F-11D3-BF4B-00C04F79EFBC}") = "Assembly-CSharp-firstpass.Player", "Assembly-CSharp-firstpass.Player.csproj", "{593F2039-4A96-88D2-ACBE-6F75E6B90061}"
EndProject
Project("{FAE04EC0-301F-11D3-BF4B-00C04F79EFBC}") = "Unity.RenderPipelines.Universal.Runtime.Player", "Unity.RenderPipelines.Universal.Runtime.Player.csproj", "{28F47D38-909B-E55B-2870-E85FAB4A9358}"
EndProject
Project("{FAE04EC0-301F-11D3-BF4B-00C04F79EFBC}") = "Cinemachine.Player", "Cinemachine.Player.csproj", "{C1D49EA2-A2C5-188F-89D7-C9B2AFE56C8F}"
EndProject
Project("{FAE04EC0-301F-11D3-BF4B-00C04F79EFBC}") = "Unity.TextMeshPro.Player", "Unity.TextMeshPro.Player.csproj", "{E117FCC9-F001-6766-BC53-052BDC998454}"
EndProject
Project("{FAE04EC0-301F-11D3-BF4B-00C04F79EFBC}") = "Sirenix.OdinInspector.CompatibilityLayer.Player", "Sirenix.OdinInspector.CompatibilityLayer.Player.csproj", "{210FF40E-C72D-5212-156F-05E41E4FC927}"
EndProject
Project("{FAE04EC0-301F-11D3-BF4B-00C04F79EFBC}") = "Unity.RenderPipelines.Core.ShaderLibrary.Player", "Unity.RenderPipelines.Core.ShaderLibrary.Player.csproj", "{BA2D7620-572A-CF4E-F465-2101F9E61205}"
EndProject
Project("{FAE04EC0-301F-11D3-BF4B-00C04F79EFBC}") = "Unity.RenderPipelines.Universal.Shaders.Player", "Unity.RenderPipelines.Universal.Shaders.Player.csproj", "{38404DAE-6C9F-BE2C-6DEE-733FA31D7B05}"
EndProject
Project("{FAE04EC0-301F-11D3-BF4B-00C04F79EFBC}") = "Unity.RenderPipelines.ShaderGraph.ShaderGraphLibrary.Player", "Unity.RenderPipelines.ShaderGraph.ShaderGraphLibrary.Player.csproj", "{A826F40C-622D-DF07-09AA-D6016AF5EF3C}"
EndProject
Project("{FAE04EC0-301F-11D3-BF4B-00C04F79EFBC}") = "Unity.RenderPipeline.Universal.ShaderLibrary.Player", "Unity.RenderPipeline.Universal.ShaderLibrary.Player.csproj", "{E10BFFCE-52E0-3EC7-5388-FD0B30B4C7F1}"
EndProject
Global
	GlobalSection(SolutionConfigurationPlatforms) = preSolution
		Debug|Any CPU = Debug|Any CPU
		Release|Any CPU = Release|Any CPU
	EndGlobalSection
	GlobalSection(ProjectConfigurationPlatforms) = postSolution
		{B220812B-9F36-B090-CEA1-BBA27BEB3963}.Debug|Any CPU.ActiveCfg = Debug|Any CPU
		{B220812B-9F36-B090-CEA1-BBA27BEB3963}.Debug|Any CPU.Build.0 = Debug|Any CPU
		{B220812B-9F36-B090-CEA1-BBA27BEB3963}.Release|Any CPU.ActiveCfg = Release|Any CPU
		{B220812B-9F36-B090-CEA1-BBA27BEB3963}.Release|Any CPU.Build.0 = Release|Any CPU
		{FC2BD960-DFDA-1AEA-C37A-2FB3E70E873A}.Debug|Any CPU.ActiveCfg = Debug|Any CPU
		{FC2BD960-DFDA-1AEA-C37A-2FB3E70E873A}.Debug|Any CPU.Build.0 = Debug|Any CPU
		{FC2BD960-DFDA-1AEA-C37A-2FB3E70E873A}.Release|Any CPU.ActiveCfg = Release|Any CPU
		{FC2BD960-DFDA-1AEA-C37A-2FB3E70E873A}.Release|Any CPU.Build.0 = Release|Any CPU
		{CABFF57E-2531-63D7-EA59-FCD3B21B91CB}.Debug|Any CPU.ActiveCfg = Debug|Any CPU
		{CABFF57E-2531-63D7-EA59-FCD3B21B91CB}.Debug|Any CPU.Build.0 = Debug|Any CPU
		{CABFF57E-2531-63D7-EA59-FCD3B21B91CB}.Release|Any CPU.ActiveCfg = Release|Any CPU
		{CABFF57E-2531-63D7-EA59-FCD3B21B91CB}.Release|Any CPU.Build.0 = Release|Any CPU
		{1E4C0B2A-7147-7D8B-74DB-D77243411067}.Debug|Any CPU.ActiveCfg = Debug|Any CPU
		{1E4C0B2A-7147-7D8B-74DB-D77243411067}.Debug|Any CPU.Build.0 = Debug|Any CPU
		{1E4C0B2A-7147-7D8B-74DB-D77243411067}.Release|Any CPU.ActiveCfg = Release|Any CPU
		{1E4C0B2A-7147-7D8B-74DB-D77243411067}.Release|Any CPU.Build.0 = Release|Any CPU
		{54D83F22-D502-52D9-0505-CEE6FB43CC10}.Debug|Any CPU.ActiveCfg = Debug|Any CPU
		{54D83F22-D502-52D9-0505-CEE6FB43CC10}.Debug|Any CPU.Build.0 = Debug|Any CPU
		{54D83F22-D502-52D9-0505-CEE6FB43CC10}.Release|Any CPU.ActiveCfg = Release|Any CPU
		{54D83F22-D502-52D9-0505-CEE6FB43CC10}.Release|Any CPU.Build.0 = Release|Any CPU
		{A2859A56-AB4A-51F9-60BB-1B6FC96E8C70}.Debug|Any CPU.ActiveCfg = Debug|Any CPU
		{A2859A56-AB4A-51F9-60BB-1B6FC96E8C70}.Debug|Any CPU.Build.0 = Debug|Any CPU
		{A2859A56-AB4A-51F9-60BB-1B6FC96E8C70}.Release|Any CPU.ActiveCfg = Release|Any CPU
		{A2859A56-AB4A-51F9-60BB-1B6FC96E8C70}.Release|Any CPU.Build.0 = Release|Any CPU
		{FB83139C-7E3D-1686-D37A-FD6B0F8852C0}.Debug|Any CPU.ActiveCfg = Debug|Any CPU
		{FB83139C-7E3D-1686-D37A-FD6B0F8852C0}.Debug|Any CPU.Build.0 = Debug|Any CPU
		{FB83139C-7E3D-1686-D37A-FD6B0F8852C0}.Release|Any CPU.ActiveCfg = Release|Any CPU
		{FB83139C-7E3D-1686-D37A-FD6B0F8852C0}.Release|Any CPU.Build.0 = Release|Any CPU
		{3A1B43A0-276E-34FB-197E-1ACDE9001A0F}.Debug|Any CPU.ActiveCfg = Debug|Any CPU
		{3A1B43A0-276E-34FB-197E-1ACDE9001A0F}.Debug|Any CPU.Build.0 = Debug|Any CPU
		{3A1B43A0-276E-34FB-197E-1ACDE9001A0F}.Release|Any CPU.ActiveCfg = Release|Any CPU
		{3A1B43A0-276E-34FB-197E-1ACDE9001A0F}.Release|Any CPU.Build.0 = Release|Any CPU
		{937E0ECA-6A9C-46C7-F2FF-0F16CC228C0C}.Debug|Any CPU.ActiveCfg = Debug|Any CPU
		{937E0ECA-6A9C-46C7-F2FF-0F16CC228C0C}.Debug|Any CPU.Build.0 = Debug|Any CPU
		{937E0ECA-6A9C-46C7-F2FF-0F16CC228C0C}.Release|Any CPU.ActiveCfg = Release|Any CPU
		{937E0ECA-6A9C-46C7-F2FF-0F16CC228C0C}.Release|Any CPU.Build.0 = Release|Any CPU
		{00A03055-2BB4-3D5B-0A18-1EB204591FFD}.Debug|Any CPU.ActiveCfg = Debug|Any CPU
		{00A03055-2BB4-3D5B-0A18-1EB204591FFD}.Debug|Any CPU.Build.0 = Debug|Any CPU
		{00A03055-2BB4-3D5B-0A18-1EB204591FFD}.Release|Any CPU.ActiveCfg = Release|Any CPU
		{00A03055-2BB4-3D5B-0A18-1EB204591FFD}.Release|Any CPU.Build.0 = Release|Any CPU
		{95015D58-2B7C-60C5-4A76-F418F8CA6686}.Debug|Any CPU.ActiveCfg = Debug|Any CPU
		{95015D58-2B7C-60C5-4A76-F418F8CA6686}.Debug|Any CPU.Build.0 = Debug|Any CPU
		{95015D58-2B7C-60C5-4A76-F418F8CA6686}.Release|Any CPU.ActiveCfg = Release|Any CPU
		{95015D58-2B7C-60C5-4A76-F418F8CA6686}.Release|Any CPU.Build.0 = Release|Any CPU
		{FA581D9A-3AF3-3CE6-BF29-3A360B24DAD4}.Debug|Any CPU.ActiveCfg = Debug|Any CPU
		{FA581D9A-3AF3-3CE6-BF29-3A360B24DAD4}.Debug|Any CPU.Build.0 = Debug|Any CPU
		{FA581D9A-3AF3-3CE6-BF29-3A360B24DAD4}.Release|Any CPU.ActiveCfg = Release|Any CPU
		{FA581D9A-3AF3-3CE6-BF29-3A360B24DAD4}.Release|Any CPU.Build.0 = Release|Any CPU
		{CE0D7E59-F37A-474D-FCD2-B0D83AF1BDEB}.Debug|Any CPU.ActiveCfg = Debug|Any CPU
		{CE0D7E59-F37A-474D-FCD2-B0D83AF1BDEB}.Debug|Any CPU.Build.0 = Debug|Any CPU
		{CE0D7E59-F37A-474D-FCD2-B0D83AF1BDEB}.Release|Any CPU.ActiveCfg = Release|Any CPU
		{CE0D7E59-F37A-474D-FCD2-B0D83AF1BDEB}.Release|Any CPU.Build.0 = Release|Any CPU
		{24A3728F-9EC4-6FC4-F6AF-9F7B197997CA}.Debug|Any CPU.ActiveCfg = Debug|Any CPU
		{24A3728F-9EC4-6FC4-F6AF-9F7B197997CA}.Debug|Any CPU.Build.0 = Debug|Any CPU
		{24A3728F-9EC4-6FC4-F6AF-9F7B197997CA}.Release|Any CPU.ActiveCfg = Release|Any CPU
		{24A3728F-9EC4-6FC4-F6AF-9F7B197997CA}.Release|Any CPU.Build.0 = Release|Any CPU
		{C266E049-CB10-1C8D-C2F8-8AA763A307A5}.Debug|Any CPU.ActiveCfg = Debug|Any CPU
		{C266E049-CB10-1C8D-C2F8-8AA763A307A5}.Debug|Any CPU.Build.0 = Debug|Any CPU
		{C266E049-CB10-1C8D-C2F8-8AA763A307A5}.Release|Any CPU.ActiveCfg = Release|Any CPU
		{C266E049-CB10-1C8D-C2F8-8AA763A307A5}.Release|Any CPU.Build.0 = Release|Any CPU
		{6DF604D4-361A-B9F2-EB1F-784F47182D41}.Debug|Any CPU.ActiveCfg = Debug|Any CPU
		{6DF604D4-361A-B9F2-EB1F-784F47182D41}.Debug|Any CPU.Build.0 = Debug|Any CPU
		{6DF604D4-361A-B9F2-EB1F-784F47182D41}.Release|Any CPU.ActiveCfg = Release|Any CPU
		{6DF604D4-361A-B9F2-EB1F-784F47182D41}.Release|Any CPU.Build.0 = Release|Any CPU
		{0F2BEBDE-4AFD-FC1C-CFD8-F126D9104B82}.Debug|Any CPU.ActiveCfg = Debug|Any CPU
		{0F2BEBDE-4AFD-FC1C-CFD8-F126D9104B82}.Debug|Any CPU.Build.0 = Debug|Any CPU
		{0F2BEBDE-4AFD-FC1C-CFD8-F126D9104B82}.Release|Any CPU.ActiveCfg = Release|Any CPU
		{0F2BEBDE-4AFD-FC1C-CFD8-F126D9104B82}.Release|Any CPU.Build.0 = Release|Any CPU
		{CF0818DB-7E7B-4531-8C76-A1BE47EB7532}.Debug|Any CPU.ActiveCfg = Debug|Any CPU
		{CF0818DB-7E7B-4531-8C76-A1BE47EB7532}.Debug|Any CPU.Build.0 = Debug|Any CPU
		{CF0818DB-7E7B-4531-8C76-A1BE47EB7532}.Release|Any CPU.ActiveCfg = Release|Any CPU
		{CF0818DB-7E7B-4531-8C76-A1BE47EB7532}.Release|Any CPU.Build.0 = Release|Any CPU
		{515CDF27-3208-4207-F448-C95D51CBBE66}.Debug|Any CPU.ActiveCfg = Debug|Any CPU
		{515CDF27-3208-4207-F448-C95D51CBBE66}.Debug|Any CPU.Build.0 = Debug|Any CPU
		{515CDF27-3208-4207-F448-C95D51CBBE66}.Release|Any CPU.ActiveCfg = Release|Any CPU
		{515CDF27-3208-4207-F448-C95D51CBBE66}.Release|Any CPU.Build.0 = Release|Any CPU
		{00AA70A8-E726-A16B-80A7-A98269DEF8D7}.Debug|Any CPU.ActiveCfg = Debug|Any CPU
		{00AA70A8-E726-A16B-80A7-A98269DEF8D7}.Debug|Any CPU.Build.0 = Debug|Any CPU
		{00AA70A8-E726-A16B-80A7-A98269DEF8D7}.Release|Any CPU.ActiveCfg = Release|Any CPU
		{00AA70A8-E726-A16B-80A7-A98269DEF8D7}.Release|Any CPU.Build.0 = Release|Any CPU
		{55FC4C97-EC6D-9269-2367-180FBA3B92EF}.Debug|Any CPU.ActiveCfg = Debug|Any CPU
		{55FC4C97-EC6D-9269-2367-180FBA3B92EF}.Debug|Any CPU.Build.0 = Debug|Any CPU
		{55FC4C97-EC6D-9269-2367-180FBA3B92EF}.Release|Any CPU.ActiveCfg = Release|Any CPU
		{55FC4C97-EC6D-9269-2367-180FBA3B92EF}.Release|Any CPU.Build.0 = Release|Any CPU
		{C94BB7DF-CD50-A699-6B81-95C955CFC346}.Debug|Any CPU.ActiveCfg = Debug|Any CPU
		{C94BB7DF-CD50-A699-6B81-95C955CFC346}.Debug|Any CPU.Build.0 = Debug|Any CPU
		{C94BB7DF-CD50-A699-6B81-95C955CFC346}.Release|Any CPU.ActiveCfg = Release|Any CPU
		{C94BB7DF-CD50-A699-6B81-95C955CFC346}.Release|Any CPU.Build.0 = Release|Any CPU
		{92467459-D8FB-9384-151D-B87157382913}.Debug|Any CPU.ActiveCfg = Debug|Any CPU
		{92467459-D8FB-9384-151D-B87157382913}.Debug|Any CPU.Build.0 = Debug|Any CPU
		{92467459-D8FB-9384-151D-B87157382913}.Release|Any CPU.ActiveCfg = Release|Any CPU
		{92467459-D8FB-9384-151D-B87157382913}.Release|Any CPU.Build.0 = Release|Any CPU
		{17C9F505-8008-1F5C-F19D-9EDF44B0F8B8}.Debug|Any CPU.ActiveCfg = Debug|Any CPU
		{17C9F505-8008-1F5C-F19D-9EDF44B0F8B8}.Debug|Any CPU.Build.0 = Debug|Any CPU
		{17C9F505-8008-1F5C-F19D-9EDF44B0F8B8}.Release|Any CPU.ActiveCfg = Release|Any CPU
		{17C9F505-8008-1F5C-F19D-9EDF44B0F8B8}.Release|Any CPU.Build.0 = Release|Any CPU
		{F9C2DB4C-AA0C-8A7C-061F-E932BD963E87}.Debug|Any CPU.ActiveCfg = Debug|Any CPU
		{F9C2DB4C-AA0C-8A7C-061F-E932BD963E87}.Debug|Any CPU.Build.0 = Debug|Any CPU
		{F9C2DB4C-AA0C-8A7C-061F-E932BD963E87}.Release|Any CPU.ActiveCfg = Release|Any CPU
		{F9C2DB4C-AA0C-8A7C-061F-E932BD963E87}.Release|Any CPU.Build.0 = Release|Any CPU
		{57E68080-DAA5-D05E-3ED3-F2258C314250}.Debug|Any CPU.ActiveCfg = Debug|Any CPU
		{57E68080-DAA5-D05E-3ED3-F2258C314250}.Debug|Any CPU.Build.0 = Debug|Any CPU
		{57E68080-DAA5-D05E-3ED3-F2258C314250}.Release|Any CPU.ActiveCfg = Release|Any CPU
		{57E68080-DAA5-D05E-3ED3-F2258C314250}.Release|Any CPU.Build.0 = Release|Any CPU
		{21F18CB6-20D6-CED1-0542-3AA20B219CEC}.Debug|Any CPU.ActiveCfg = Debug|Any CPU
		{21F18CB6-20D6-CED1-0542-3AA20B219CEC}.Debug|Any CPU.Build.0 = Debug|Any CPU
		{21F18CB6-20D6-CED1-0542-3AA20B219CEC}.Release|Any CPU.ActiveCfg = Release|Any CPU
		{21F18CB6-20D6-CED1-0542-3AA20B219CEC}.Release|Any CPU.Build.0 = Release|Any CPU
		{9EDFD18D-62B5-6089-961C-82D26D34AA5E}.Debug|Any CPU.ActiveCfg = Debug|Any CPU
		{9EDFD18D-62B5-6089-961C-82D26D34AA5E}.Debug|Any CPU.Build.0 = Debug|Any CPU
		{9EDFD18D-62B5-6089-961C-82D26D34AA5E}.Release|Any CPU.ActiveCfg = Release|Any CPU
		{9EDFD18D-62B5-6089-961C-82D26D34AA5E}.Release|Any CPU.Build.0 = Release|Any CPU
		{2CC0427D-856D-038A-4BD8-BB82C10A7EAA}.Debug|Any CPU.ActiveCfg = Debug|Any CPU
		{2CC0427D-856D-038A-4BD8-BB82C10A7EAA}.Debug|Any CPU.Build.0 = Debug|Any CPU
		{2CC0427D-856D-038A-4BD8-BB82C10A7EAA}.Release|Any CPU.ActiveCfg = Release|Any CPU
		{2CC0427D-856D-038A-4BD8-BB82C10A7EAA}.Release|Any CPU.Build.0 = Release|Any CPU
		{DB94E2C4-C91D-4428-D0CE-E73ADEC02DBB}.Debug|Any CPU.ActiveCfg = Debug|Any CPU
		{DB94E2C4-C91D-4428-D0CE-E73ADEC02DBB}.Debug|Any CPU.Build.0 = Debug|Any CPU
		{DB94E2C4-C91D-4428-D0CE-E73ADEC02DBB}.Release|Any CPU.ActiveCfg = Release|Any CPU
		{DB94E2C4-C91D-4428-D0CE-E73ADEC02DBB}.Release|Any CPU.Build.0 = Release|Any CPU
		{33E86A36-24A1-2E58-6D76-1D757C161397}.Debug|Any CPU.ActiveCfg = Debug|Any CPU
		{33E86A36-24A1-2E58-6D76-1D757C161397}.Debug|Any CPU.Build.0 = Debug|Any CPU
		{33E86A36-24A1-2E58-6D76-1D757C161397}.Release|Any CPU.ActiveCfg = Release|Any CPU
		{33E86A36-24A1-2E58-6D76-1D757C161397}.Release|Any CPU.Build.0 = Release|Any CPU
		{6719E071-572B-6877-B821-8A6B33EC3A6C}.Debug|Any CPU.ActiveCfg = Debug|Any CPU
		{6719E071-572B-6877-B821-8A6B33EC3A6C}.Debug|Any CPU.Build.0 = Debug|Any CPU
		{6719E071-572B-6877-B821-8A6B33EC3A6C}.Release|Any CPU.ActiveCfg = Release|Any CPU
		{6719E071-572B-6877-B821-8A6B33EC3A6C}.Release|Any CPU.Build.0 = Release|Any CPU
		{4DB822C3-D269-56D1-42DF-C250667486FF}.Debug|Any CPU.ActiveCfg = Debug|Any CPU
		{4DB822C3-D269-56D1-42DF-C250667486FF}.Debug|Any CPU.Build.0 = Debug|Any CPU
		{4DB822C3-D269-56D1-42DF-C250667486FF}.Release|Any CPU.ActiveCfg = Release|Any CPU
		{4DB822C3-D269-56D1-42DF-C250667486FF}.Release|Any CPU.Build.0 = Release|Any CPU
		{2CE6ABE2-FA50-2662-DC48-21857B01B916}.Debug|Any CPU.ActiveCfg = Debug|Any CPU
		{2CE6ABE2-FA50-2662-DC48-21857B01B916}.Debug|Any CPU.Build.0 = Debug|Any CPU
		{2CE6ABE2-FA50-2662-DC48-21857B01B916}.Release|Any CPU.ActiveCfg = Release|Any CPU
		{2CE6ABE2-FA50-2662-DC48-21857B01B916}.Release|Any CPU.Build.0 = Release|Any CPU
		{A737B58D-C244-1FCB-7884-DF080DBEE2B2}.Debug|Any CPU.ActiveCfg = Debug|Any CPU
		{A737B58D-C244-1FCB-7884-DF080DBEE2B2}.Debug|Any CPU.Build.0 = Debug|Any CPU
		{A737B58D-C244-1FCB-7884-DF080DBEE2B2}.Release|Any CPU.ActiveCfg = Release|Any CPU
		{A737B58D-C244-1FCB-7884-DF080DBEE2B2}.Release|Any CPU.Build.0 = Release|Any CPU
		{2FC59FCE-BCB1-13D3-FB79-5DD1AF79A2AF}.Debug|Any CPU.ActiveCfg = Debug|Any CPU
		{2FC59FCE-BCB1-13D3-FB79-5DD1AF79A2AF}.Debug|Any CPU.Build.0 = Debug|Any CPU
		{2FC59FCE-BCB1-13D3-FB79-5DD1AF79A2AF}.Release|Any CPU.ActiveCfg = Release|Any CPU
		{2FC59FCE-BCB1-13D3-FB79-5DD1AF79A2AF}.Release|Any CPU.Build.0 = Release|Any CPU
		{0A80E35F-8576-3E11-1BBA-A443CA707FA2}.Debug|Any CPU.ActiveCfg = Debug|Any CPU
		{0A80E35F-8576-3E11-1BBA-A443CA707FA2}.Debug|Any CPU.Build.0 = Debug|Any CPU
		{0A80E35F-8576-3E11-1BBA-A443CA707FA2}.Release|Any CPU.ActiveCfg = Release|Any CPU
		{0A80E35F-8576-3E11-1BBA-A443CA707FA2}.Release|Any CPU.Build.0 = Release|Any CPU
		{6565DDBD-D86C-3B1D-5A43-8EA97D222F55}.Debug|Any CPU.ActiveCfg = Debug|Any CPU
		{6565DDBD-D86C-3B1D-5A43-8EA97D222F55}.Debug|Any CPU.Build.0 = Debug|Any CPU
		{6565DDBD-D86C-3B1D-5A43-8EA97D222F55}.Release|Any CPU.ActiveCfg = Release|Any CPU
		{6565DDBD-D86C-3B1D-5A43-8EA97D222F55}.Release|Any CPU.Build.0 = Release|Any CPU
		{7EC4397B-11BD-F02A-5378-6D6FDC3E9848}.Debug|Any CPU.ActiveCfg = Debug|Any CPU
		{7EC4397B-11BD-F02A-5378-6D6FDC3E9848}.Debug|Any CPU.Build.0 = Debug|Any CPU
		{7EC4397B-11BD-F02A-5378-6D6FDC3E9848}.Release|Any CPU.ActiveCfg = Release|Any CPU
		{7EC4397B-11BD-F02A-5378-6D6FDC3E9848}.Release|Any CPU.Build.0 = Release|Any CPU
		{3CAE6149-7F5F-7615-0A30-7B25786D147F}.Debug|Any CPU.ActiveCfg = Debug|Any CPU
		{3CAE6149-7F5F-7615-0A30-7B25786D147F}.Debug|Any CPU.Build.0 = Debug|Any CPU
		{3CAE6149-7F5F-7615-0A30-7B25786D147F}.Release|Any CPU.ActiveCfg = Release|Any CPU
		{3CAE6149-7F5F-7615-0A30-7B25786D147F}.Release|Any CPU.Build.0 = Release|Any CPU
		{5471FD39-5DBD-8E1B-41E4-F60B25ADAFD8}.Debug|Any CPU.ActiveCfg = Debug|Any CPU
		{5471FD39-5DBD-8E1B-41E4-F60B25ADAFD8}.Debug|Any CPU.Build.0 = Debug|Any CPU
		{5471FD39-5DBD-8E1B-41E4-F60B25ADAFD8}.Release|Any CPU.ActiveCfg = Release|Any CPU
		{5471FD39-5DBD-8E1B-41E4-F60B25ADAFD8}.Release|Any CPU.Build.0 = Release|Any CPU
		{45B97FA3-D86C-3515-245D-87C4EED08587}.Debug|Any CPU.ActiveCfg = Debug|Any CPU
		{45B97FA3-D86C-3515-245D-87C4EED08587}.Debug|Any CPU.Build.0 = Debug|Any CPU
		{45B97FA3-D86C-3515-245D-87C4EED08587}.Release|Any CPU.ActiveCfg = Release|Any CPU
		{45B97FA3-D86C-3515-245D-87C4EED08587}.Release|Any CPU.Build.0 = Release|Any CPU
		{660232EF-61FC-5609-8657-A8661F4C0202}.Debug|Any CPU.ActiveCfg = Debug|Any CPU
		{660232EF-61FC-5609-8657-A8661F4C0202}.Debug|Any CPU.Build.0 = Debug|Any CPU
		{660232EF-61FC-5609-8657-A8661F4C0202}.Release|Any CPU.ActiveCfg = Release|Any CPU
		{660232EF-61FC-5609-8657-A8661F4C0202}.Release|Any CPU.Build.0 = Release|Any CPU
		{593F2039-4A96-88D2-ACBE-6F75E6B90061}.Debug|Any CPU.ActiveCfg = Debug|Any CPU
		{593F2039-4A96-88D2-ACBE-6F75E6B90061}.Debug|Any CPU.Build.0 = Debug|Any CPU
		{593F2039-4A96-88D2-ACBE-6F75E6B90061}.Release|Any CPU.ActiveCfg = Release|Any CPU
		{593F2039-4A96-88D2-ACBE-6F75E6B90061}.Release|Any CPU.Build.0 = Release|Any CPU
		{28F47D38-909B-E55B-2870-E85FAB4A9358}.Debug|Any CPU.ActiveCfg = Debug|Any CPU
		{28F47D38-909B-E55B-2870-E85FAB4A9358}.Debug|Any CPU.Build.0 = Debug|Any CPU
		{28F47D38-909B-E55B-2870-E85FAB4A9358}.Release|Any CPU.ActiveCfg = Release|Any CPU
		{28F47D38-909B-E55B-2870-E85FAB4A9358}.Release|Any CPU.Build.0 = Release|Any CPU
		{C1D49EA2-A2C5-188F-89D7-C9B2AFE56C8F}.Debug|Any CPU.ActiveCfg = Debug|Any CPU
		{C1D49EA2-A2C5-188F-89D7-C9B2AFE56C8F}.Debug|Any CPU.Build.0 = Debug|Any CPU
		{C1D49EA2-A2C5-188F-89D7-C9B2AFE56C8F}.Release|Any CPU.ActiveCfg = Release|Any CPU
		{C1D49EA2-A2C5-188F-89D7-C9B2AFE56C8F}.Release|Any CPU.Build.0 = Release|Any CPU
		{E117FCC9-F001-6766-BC53-052BDC998454}.Debug|Any CPU.ActiveCfg = Debug|Any CPU
		{E117FCC9-F001-6766-BC53-052BDC998454}.Debug|Any CPU.Build.0 = Debug|Any CPU
		{E117FCC9-F001-6766-BC53-052BDC998454}.Release|Any CPU.ActiveCfg = Release|Any CPU
		{E117FCC9-F001-6766-BC53-052BDC998454}.Release|Any CPU.Build.0 = Release|Any CPU
		{210FF40E-C72D-5212-156F-05E41E4FC927}.Debug|Any CPU.ActiveCfg = Debug|Any CPU
		{210FF40E-C72D-5212-156F-05E41E4FC927}.Debug|Any CPU.Build.0 = Debug|Any CPU
		{210FF40E-C72D-5212-156F-05E41E4FC927}.Release|Any CPU.ActiveCfg = Release|Any CPU
		{210FF40E-C72D-5212-156F-05E41E4FC927}.Release|Any CPU.Build.0 = Release|Any CPU
		{BA2D7620-572A-CF4E-F465-2101F9E61205}.Debug|Any CPU.ActiveCfg = Debug|Any CPU
		{BA2D7620-572A-CF4E-F465-2101F9E61205}.Debug|Any CPU.Build.0 = Debug|Any CPU
		{BA2D7620-572A-CF4E-F465-2101F9E61205}.Release|Any CPU.ActiveCfg = Release|Any CPU
		{BA2D7620-572A-CF4E-F465-2101F9E61205}.Release|Any CPU.Build.0 = Release|Any CPU
		{38404DAE-6C9F-BE2C-6DEE-733FA31D7B05}.Debug|Any CPU.ActiveCfg = Debug|Any CPU
		{38404DAE-6C9F-BE2C-6DEE-733FA31D7B05}.Debug|Any CPU.Build.0 = Debug|Any CPU
		{38404DAE-6C9F-BE2C-6DEE-733FA31D7B05}.Release|Any CPU.ActiveCfg = Release|Any CPU
		{38404DAE-6C9F-BE2C-6DEE-733FA31D7B05}.Release|Any CPU.Build.0 = Release|Any CPU
		{A826F40C-622D-DF07-09AA-D6016AF5EF3C}.Debug|Any CPU.ActiveCfg = Debug|Any CPU
		{A826F40C-622D-DF07-09AA-D6016AF5EF3C}.Debug|Any CPU.Build.0 = Debug|Any CPU
		{A826F40C-622D-DF07-09AA-D6016AF5EF3C}.Release|Any CPU.ActiveCfg = Release|Any CPU
		{A826F40C-622D-DF07-09AA-D6016AF5EF3C}.Release|Any CPU.Build.0 = Release|Any CPU
		{E10BFFCE-52E0-3EC7-5388-FD0B30B4C7F1}.Debug|Any CPU.ActiveCfg = Debug|Any CPU
		{E10BFFCE-52E0-3EC7-5388-FD0B30B4C7F1}.Debug|Any CPU.Build.0 = Debug|Any CPU
		{E10BFFCE-52E0-3EC7-5388-FD0B30B4C7F1}.Release|Any CPU.ActiveCfg = Release|Any CPU
		{E10BFFCE-52E0-3EC7-5388-FD0B30B4C7F1}.Release|Any CPU.Build.0 = Release|Any CPU
	EndGlobalSection
	GlobalSection(SolutionProperties) = preSolution
		HideSolutionNode = FALSE
	EndGlobalSection
EndGlobal
